
Microsoft Visual Studio Solution File, Format Version 12.00
# Visual Studio 15
VisualStudioVersion = 15.0.27428.2005
MinimumVisualStudioVersion = 10.0.40219.1
Project("{FAE04EC0-301F-11D3-BF4B-00C04F79EFBC}") = "RoomEscape.Cui", "RoomEscape.Cui\RoomEscape.Cui.csproj", "{4647B845-409B-48C4-ACFE-46CF05D791C3}"
EndProject
Project("{FAE04EC0-301F-11D3-BF4B-00C04F79EFBC}") = "RoomEscape.Logic", "RoomEscape.Logic\RoomEscape.Logic.csproj", "{875B3F66-5C99-4AAE-9489-8EA15765401B}"
EndProject
Project("{FAE04EC0-301F-11D3-BF4B-00C04F79EFBC}") = "UnitTestProject1", "UnitTestProject1\UnitTestProject1.csproj", "{66F7470B-135D-4044-A9E4-C93FB9DBE922}"
EndProject
Global
	GlobalSection(SolutionConfigurationPlatforms) = preSolution
		Debug|Any CPU = Debug|Any CPU
		Release|Any CPU = Release|Any CPU
	EndGlobalSection
	GlobalSection(ProjectConfigurationPlatforms) = postSolution
		{4647B845-409B-48C4-ACFE-46CF05D791C3}.Debug|Any CPU.ActiveCfg = Debug|Any CPU
		{4647B845-409B-48C4-ACFE-46CF05D791C3}.Debug|Any CPU.Build.0 = Debug|Any CPU
		{4647B845-409B-48C4-ACFE-46CF05D791C3}.Release|Any CPU.ActiveCfg = Release|Any CPU
		{4647B845-409B-48C4-ACFE-46CF05D791C3}.Release|Any CPU.Build.0 = Release|Any CPU
		{875B3F66-5C99-4AAE-9489-8EA15765401B}.Debug|Any CPU.ActiveCfg = Debug|Any CPU
		{875B3F66-5C99-4AAE-9489-8EA15765401B}.Debug|Any CPU.Build.0 = Debug|Any CPU
		{875B3F66-5C99-4AAE-9489-8EA15765401B}.Release|Any CPU.ActiveCfg = Release|Any CPU
		{875B3F66-5C99-4AAE-9489-8EA15765401B}.Release|Any CPU.Build.0 = Release|Any CPU
		{66F7470B-135D-4044-A9E4-C93FB9DBE922}.Debug|Any CPU.ActiveCfg = Debug|Any CPU
		{66F7470B-135D-4044-A9E4-C93FB9DBE922}.Debug|Any CPU.Build.0 = Debug|Any CPU
		{66F7470B-135D-4044-A9E4-C93FB9DBE922}.Release|Any CPU.ActiveCfg = Release|Any CPU
		{66F7470B-135D-4044-A9E4-C93FB9DBE922}.Release|Any CPU.Build.0 = Release|Any CPU
	EndGlobalSection
	GlobalSection(SolutionProperties) = preSolution
		HideSolutionNode = FALSE
	EndGlobalSection
	GlobalSection(ExtensibilityGlobals) = postSolution
		SolutionGuid = {03CF1A38-95CC-4560-B46D-0B51D5C4C8A5}
	EndGlobalSection
EndGlobal
